
Microsoft Visual Studio Solution File, Format Version 12.00
Project("{FAE04EC0-301F-11D3-BF4B-00C04F79EFBC}") = "Test", "Test\Test.csproj", "{89F475E8-68BD-429A-9B8E-688291538687}"
EndProject
Project("{FAE04EC0-301F-11D3-BF4B-00C04F79EFBC}") = "Developer", "Developer\Developer.csproj", "{159DE11A-410B-4825-AF3F-DD56AF0A791B}"
EndProject
Project("{FAE04EC0-301F-11D3-BF4B-00C04F79EFBC}") = "Common", "Common\Common.csproj", "{1CE8FC01-511F-4E19-B34E-3ECF3F192E73}"
EndProject
Project("{FAE04EC0-301F-11D3-BF4B-00C04F79EFBC}") = "HrManager", "HrManager\HrManager.csproj", "{0063DE43-226A-4EB2-A8E9-2BCEF74C6098}"
EndProject
Project("{FAE04EC0-301F-11D3-BF4B-00C04F79EFBC}") = "HrDirector", "HrDirector\HrDirector.csproj", "{ADE32D80-3423-41E8-B67B-4656E204DA22}"
EndProject
Global
	GlobalSection(SolutionConfigurationPlatforms) = preSolution
		Debug|Any CPU = Debug|Any CPU
		Release|Any CPU = Release|Any CPU
	EndGlobalSection
	GlobalSection(ProjectConfigurationPlatforms) = postSolution
		{89F475E8-68BD-429A-9B8E-688291538687}.Debug|Any CPU.ActiveCfg = Debug|Any CPU
		{89F475E8-68BD-429A-9B8E-688291538687}.Debug|Any CPU.Build.0 = Debug|Any CPU
		{89F475E8-68BD-429A-9B8E-688291538687}.Release|Any CPU.ActiveCfg = Release|Any CPU
		{89F475E8-68BD-429A-9B8E-688291538687}.Release|Any CPU.Build.0 = Release|Any CPU
		{159DE11A-410B-4825-AF3F-DD56AF0A791B}.Debug|Any CPU.ActiveCfg = Debug|Any CPU
		{159DE11A-410B-4825-AF3F-DD56AF0A791B}.Debug|Any CPU.Build.0 = Debug|Any CPU
		{159DE11A-410B-4825-AF3F-DD56AF0A791B}.Release|Any CPU.ActiveCfg = Release|Any CPU
		{159DE11A-410B-4825-AF3F-DD56AF0A791B}.Release|Any CPU.Build.0 = Release|Any CPU
		{1CE8FC01-511F-4E19-B34E-3ECF3F192E73}.Debug|Any CPU.ActiveCfg = Debug|Any CPU
		{1CE8FC01-511F-4E19-B34E-3ECF3F192E73}.Debug|Any CPU.Build.0 = Debug|Any CPU
		{1CE8FC01-511F-4E19-B34E-3ECF3F192E73}.Release|Any CPU.ActiveCfg = Release|Any CPU
		{1CE8FC01-511F-4E19-B34E-3ECF3F192E73}.Release|Any CPU.Build.0 = Release|Any CPU
		{0063DE43-226A-4EB2-A8E9-2BCEF74C6098}.Debug|Any CPU.ActiveCfg = Debug|Any CPU
		{0063DE43-226A-4EB2-A8E9-2BCEF74C6098}.Debug|Any CPU.Build.0 = Debug|Any CPU
		{0063DE43-226A-4EB2-A8E9-2BCEF74C6098}.Release|Any CPU.ActiveCfg = Release|Any CPU
		{0063DE43-226A-4EB2-A8E9-2BCEF74C6098}.Release|Any CPU.Build.0 = Release|Any CPU
		{ADE32D80-3423-41E8-B67B-4656E204DA22}.Debug|Any CPU.ActiveCfg = Debug|Any CPU
		{ADE32D80-3423-41E8-B67B-4656E204DA22}.Debug|Any CPU.Build.0 = Debug|Any CPU
		{ADE32D80-3423-41E8-B67B-4656E204DA22}.Release|Any CPU.ActiveCfg = Release|Any CPU
		{ADE32D80-3423-41E8-B67B-4656E204DA22}.Release|Any CPU.Build.0 = Release|Any CPU
	EndGlobalSection
EndGlobal
